
Microsoft Visual Studio Solution File, Format Version 12.00
# Visual Studio Version 17
VisualStudioVersion = 17.0.31903.59
MinimumVisualStudioVersion = 10.0.40219.1
Project("{FAE04EC0-301F-11D3-BF4B-00C04F79EFBC}") = "API", "API\API.csproj", "{67D53B2E-89D4-414F-932C-8ED268A87072}"
EndProject
Project("{FAE04EC0-301F-11D3-BF4B-00C04F79EFBC}") = "Core", "Core\Core.csproj", "{B8CF2F86-8BB5-4383-BBA7-45786D8B4B82}"
EndProject
Project("{FAE04EC0-301F-11D3-BF4B-00C04F79EFBC}") = "Infrastructure", "Infrastructure\Infrastructure.csproj", "{4635F58B-41C2-4EC3-8DD8-E2FDCD80FD6D}"
EndProject
Global
	GlobalSection(SolutionConfigurationPlatforms) = preSolution
		Debug|Any CPU = Debug|Any CPU
		Release|Any CPU = Release|Any CPU
	EndGlobalSection
	GlobalSection(SolutionProperties) = preSolution
		HideSolutionNode = FALSE
	EndGlobalSection
	GlobalSection(ProjectConfigurationPlatforms) = postSolution
		{67D53B2E-89D4-414F-932C-8ED268A87072}.Debug|Any CPU.ActiveCfg = Debug|Any CPU
		{67D53B2E-89D4-414F-932C-8ED268A87072}.Debug|Any CPU.Build.0 = Debug|Any CPU
		{67D53B2E-89D4-414F-932C-8ED268A87072}.Release|Any CPU.ActiveCfg = Release|Any CPU
		{67D53B2E-89D4-414F-932C-8ED268A87072}.Release|Any CPU.Build.0 = Release|Any CPU
		{B8CF2F86-8BB5-4383-BBA7-45786D8B4B82}.Debug|Any CPU.ActiveCfg = Debug|Any CPU
		{B8CF2F86-8BB5-4383-BBA7-45786D8B4B82}.Debug|Any CPU.Build.0 = Debug|Any CPU
		{B8CF2F86-8BB5-4383-BBA7-45786D8B4B82}.Release|Any CPU.ActiveCfg = Release|Any CPU
		{B8CF2F86-8BB5-4383-BBA7-45786D8B4B82}.Release|Any CPU.Build.0 = Release|Any CPU
		{4635F58B-41C2-4EC3-8DD8-E2FDCD80FD6D}.Debug|Any CPU.ActiveCfg = Debug|Any CPU
		{4635F58B-41C2-4EC3-8DD8-E2FDCD80FD6D}.Debug|Any CPU.Build.0 = Debug|Any CPU
		{4635F58B-41C2-4EC3-8DD8-E2FDCD80FD6D}.Release|Any CPU.ActiveCfg = Release|Any CPU
		{4635F58B-41C2-4EC3-8DD8-E2FDCD80FD6D}.Release|Any CPU.Build.0 = Release|Any CPU
	EndGlobalSection
EndGlobal
